// !$*UTF8*$!
{
	archiveVersion = 1;
	classes = {
	};
	objectVersion = 46;
	objects = {

/* Begin PBXBuildFile section */
		563ECC121B3999AA00531F02 /* LoginVC.swift in Sources */ = {isa = PBXBuildFile; fileRef = 563ECC111B3999AA00531F02 /* LoginVC.swift */; };
		563ECC141B399B6800531F02 /* SignupVC.swift in Sources */ = {isa = PBXBuildFile; fileRef = 563ECC131B399B6800531F02 /* SignupVC.swift */; };
		5644CECB1B38D33E005E7489 /* AppDelegate.swift in Sources */ = {isa = PBXBuildFile; fileRef = 5644CECA1B38D33E005E7489 /* AppDelegate.swift */; };
		5644CECD1B38D33E005E7489 /* HomeVC.swift in Sources */ = {isa = PBXBuildFile; fileRef = 5644CECC1B38D33E005E7489 /* HomeVC.swift */; };
		5644CED01B38D33E005E7489 /* Main.storyboard in Resources */ = {isa = PBXBuildFile; fileRef = 5644CECE1B38D33E005E7489 /* Main.storyboard */; };
		5644CED21B38D33E005E7489 /* Images.xcassets in Resources */ = {isa = PBXBuildFile; fileRef = 5644CED11B38D33E005E7489 /* Images.xcassets */; };
		5644CED51B38D33E005E7489 /* LaunchScreen.xib in Resources */ = {isa = PBXBuildFile; fileRef = 5644CED31B38D33E005E7489 /* LaunchScreen.xib */; };
		5644CEE11B38D33E005E7489 /* SwiftLoginScreenTests.swift in Sources */ = {isa = PBXBuildFile; fileRef = 5644CEE01B38D33E005E7489 /* SwiftLoginScreenTests.swift */; };
/* End PBXBuildFile section */

/* Begin PBXContainerItemProxy section */
		5644CEDB1B38D33E005E7489 /* PBXContainerItemProxy */ = {
			isa = PBXContainerItemProxy;
			containerPortal = 5644CEBD1B38D33E005E7489 /* Project object */;
			proxyType = 1;
			remoteGlobalIDString = 5644CEC41B38D33E005E7489;
			remoteInfo = SwiftLoginScreen;
		};
/* End PBXContainerItemProxy section */

/* Begin PBXFileReference section */
		563ECC111B3999AA00531F02 /* LoginVC.swift */ = {isa = PBXFileReference; fileEncoding = 4; lastKnownFileType = sourcecode.swift; path = LoginVC.swift; sourceTree = "<group>"; };
		563ECC131B399B6800531F02 /* SignupVC.swift */ = {isa = PBXFileReference; fileEncoding = 4; lastKnownFileType = sourcecode.swift; path = SignupVC.swift; sourceTree = "<group>"; };
		5644CEC51B38D33E005E7489 /* SwiftLoginScreen.app */ = {isa = PBXFileReference; explicitFileType = wrapper.application; includeInIndex = 0; path = SwiftLoginScreen.app; sourceTree = BUILT_PRODUCTS_DIR; };
		5644CEC91B38D33E005E7489 /* Info.plist */ = {isa = PBXFileReference; lastKnownFileType = text.plist.xml; path = Info.plist; sourceTree = "<group>"; };
		5644CECA1B38D33E005E7489 /* AppDelegate.swift */ = {isa = PBXFileReference; lastKnownFileType = sourcecode.swift; path = AppDelegate.swift; sourceTree = "<group>"; };
		5644CECC1B38D33E005E7489 /* HomeVC.swift */ = {isa = PBXFileReference; lastKnownFileType = sourcecode.swift; path = HomeVC.swift; sourceTree = "<group>"; };
		5644CECF1B38D33E005E7489 /* Base */ = {isa = PBXFileReference; lastKnownFileType = file.storyboard; name = Base; path = Base.lproj/Main.storyboard; sourceTree = "<group>"; };
		5644CED11B38D33E005E7489 /* Images.xcassets */ = {isa = PBXFileReference; lastKnownFileType = folder.assetcatalog; path = Images.xcassets; sourceTree = "<group>"; };
		5644CED41B38D33E005E7489 /* Base */ = {isa = PBXFileReference; lastKnownFileType = file.xib; name = Base; path = Base.lproj/LaunchScreen.xib; sourceTree = "<group>"; };
		5644CEDA1B38D33E005E7489 /* SwiftLoginScreenTests.xctest */ = {isa = PBXFileReference; explicitFileType = wrapper.cfbundle; includeInIndex = 0; path = SwiftLoginScreenTests.xctest; sourceTree = BUILT_PRODUCTS_DIR; };
		5644CEDF1B38D33E005E7489 /* Info.plist */ = {isa = PBXFileReference; lastKnownFileType = text.plist.xml; path = Info.plist; sourceTree = "<group>"; };
		5644CEE01B38D33E005E7489 /* SwiftLoginScreenTests.swift */ = {isa = PBXFileReference; lastKnownFileType = sourcecode.swift; path = SwiftLoginScreenTests.swift; sourceTree = "<group>"; };
/* End PBXFileReference section */

/* Begin PBXFrameworksBuildPhase section */
		5644CEC21B38D33E005E7489 /* Frameworks */ = {
			isa = PBXFrameworksBuildPhase;
			buildActionMask = 2147483647;
			files = (
			);
			runOnlyForDeploymentPostprocessing = 0;
		};
		5644CED71B38D33E005E7489 /* Frameworks */ = {
			isa = PBXFrameworksBuildPhase;
			buildActionMask = 2147483647;
			files = (
			);
			runOnlyForDeploymentPostprocessing = 0;
		};
/* End PBXFrameworksBuildPhase section */

/* Begin PBXGroup section */
		5644CEBC1B38D33E005E7489 = {
			isa = PBXGroup;
			children = (
				5644CEC71B38D33E005E7489 /* SwiftLoginScreen */,
				5644CEDD1B38D33E005E7489 /* SwiftLoginScreenTests */,
				5644CEC61B38D33E005E7489 /* Products */,
			);
			sourceTree = "<group>";
		};
		5644CEC61B38D33E005E7489 /* Products */ = {
			isa = PBXGroup;
			children = (
				5644CEC51B38D33E005E7489 /* SwiftLoginScreen.app */,
				5644CEDA1B38D33E005E7489 /* SwiftLoginScreenTests.xctest */,
			);
			name = Products;
			sourceTree = "<group>";
		};
		5644CEC71B38D33E005E7489 /* SwiftLoginScreen */ = {
			isa = PBXGroup;
			children = (
				5644CECA1B38D33E005E7489 /* AppDelegate.swift */,
				5644CECC1B38D33E005E7489 /* HomeVC.swift */,
				5644CECE1B38D33E005E7489 /* Main.storyboard */,
				5644CED11B38D33E005E7489 /* Images.xcassets */,
				5644CED31B38D33E005E7489 /* LaunchScreen.xib */,
				5644CEC81B38D33E005E7489 /* Supporting Files */,
				563ECC111B3999AA00531F02 /* LoginVC.swift */,
				563ECC131B399B6800531F02 /* SignupVC.swift */,
			);
			path = SwiftLoginScreen;
			sourceTree = "<group>";
		};
		5644CEC81B38D33E005E7489 /* Supporting Files */ = {
			isa = PBXGroup;
			children = (
				5644CEC91B38D33E005E7489 /* Info.plist */,
			);
			name = "Supporting Files";
			sourceTree = "<group>";
		};
		5644CEDD1B38D33E005E7489 /* SwiftLoginScreenTests */ = {
			isa = PBXGroup;
			children = (
				5644CEE01B38D33E005E7489 /* SwiftLoginScreenTests.swift */,
				5644CEDE1B38D33E005E7489 /* Supporting Files */,
			);
			path = SwiftLoginScreenTests;
			sourceTree = "<group>";
		};
		5644CEDE1B38D33E005E7489 /* Supporting Files */ = {
			isa = PBXGroup;
			children = (
				5644CEDF1B38D33E005E7489 /* Info.plist */,
			);
			name = "Supporting Files";
			sourceTree = "<group>";
		};
/* End PBXGroup section */

/* Begin PBXNativeTarget section */
		5644CEC41B38D33E005E7489 /* SwiftLoginScreen */ = {
			isa = PBXNativeTarget;
			buildConfigurationList = 5644CEE41B38D33E005E7489 /* Build configuration list for PBXNativeTarget "SwiftLoginScreen" */;
			buildPhases = (
				5644CEC11B38D33E005E7489 /* Sources */,
				5644CEC21B38D33E005E7489 /* Frameworks */,
				5644CEC31B38D33E005E7489 /* Resources */,
			);
			buildRules = (
			);
			dependencies = (
			);
			name = SwiftLoginScreen;
			productName = SwiftLoginScreen;
			productReference = 5644CEC51B38D33E005E7489 /* SwiftLoginScreen.app */;
			productType = "com.apple.product-type.application";
		};
		5644CED91B38D33E005E7489 /* SwiftLoginScreenTests */ = {
			isa = PBXNativeTarget;
			buildConfigurationList = 5644CEE71B38D33E005E7489 /* Build configuration list for PBXNativeTarget "SwiftLoginScreenTests" */;
			buildPhases = (
				5644CED61B38D33E005E7489 /* Sources */,
				5644CED71B38D33E005E7489 /* Frameworks */,
				5644CED81B38D33E005E7489 /* Resources */,
			);
			buildRules = (
			);
			dependencies = (
				5644CEDC1B38D33E005E7489 /* PBXTargetDependency */,
			);
			name = SwiftLoginScreenTests;
			productName = SwiftLoginScreenTests;
			productReference = 5644CEDA1B38D33E005E7489 /* SwiftLoginScreenTests.xctest */;
			productType = "com.apple.product-type.bundle.unit-test";
		};
/* End PBXNativeTarget section */

/* Begin PBXProject section */
		5644CEBD1B38D33E005E7489 /* Project object */ = {
			isa = PBXProject;
			attributes = {
				LastUpgradeCheck = 0630;
				ORGANIZATIONNAME = Unimodelo;
				TargetAttributes = {
					5644CEC41B38D33E005E7489 = {
						CreatedOnToolsVersion = 6.3.2;
					};
					5644CED91B38D33E005E7489 = {
						CreatedOnToolsVersion = 6.3.2;
						TestTargetID = 5644CEC41B38D33E005E7489;
					};
				};
			};
			buildConfigurationList = 5644CEC01B38D33E005E7489 /* Build configuration list for PBXProject "SwiftLoginScreen" */;
			compatibilityVersion = "Xcode 3.2";
			developmentRegion = English;
			hasScannedForEncodings = 0;
			knownRegions = (
				en,
				Base,
			);
			mainGroup = 5644CEBC1B38D33E005E7489;
			productRefGroup = 5644CEC61B38D33E005E7489 /* Products */;
			projectDirPath = "";
			projectRoot = "";
			targets = (
				5644CEC41B38D33E005E7489 /* SwiftLoginScreen */,
				5644CED91B38D33E005E7489 /* SwiftLoginScreenTests */,
			);
		};
/* End PBXProject section */

/* Begin PBXResourcesBuildPhase section */
		5644CEC31B38D33E005E7489 /* Resources */ = {
			isa = PBXResourcesBuildPhase;
			buildActionMask = 2147483647;
			files = (
				5644CED01B38D33E005E7489 /* Main.storyboard in Resources */,
				5644CED51B38D33E005E7489 /* LaunchScreen.xib in Resources */,
				5644CED21B38D33E005E7489 /* Images.xcassets in Resources */,
			);
			runOnlyForDeploymentPostprocessing = 0;
		};
		5644CED81B38D33E005E7489 /* Resources */ = {
			isa = PBXResourcesBuildPhase;
			buildActionMask = 2147483647;
			files = (
			);
			runOnlyForDeploymentPostprocessing = 0;
		};
/* End PBXResourcesBuildPhase section */

/* Begin PBXSourcesBuildPhase section */
		5644CEC11B38D33E005E7489 /* Sources */ = {
			isa = PBXSourcesBuildPhase;
			buildActionMask = 2147483647;
			files = (
				563ECC141B399B6800531F02 /* SignupVC.swift in Sources */,
				5644CECD1B38D33E005E7489 /* HomeVC.swift in Sources */,
				5644CECB1B38D33E005E7489 /* AppDelegate.swift in Sources */,
				563ECC121B3999AA00531F02 /* LoginVC.swift in Sources */,
			);
			runOnlyForDeploymentPostprocessing = 0;
		};
		5644CED61B38D33E005E7489 /* Sources */ = {
			isa = PBXSourcesBuildPhase;
			buildActionMask = 2147483647;
			files = (
				5644CEE11B38D33E005E7489 /* SwiftLoginScreenTests.swift in Sources */,
			);
			runOnlyForDeploymentPostprocessing = 0;
		};
/* End PBXSourcesBuildPhase section */

/* Begin PBXTargetDependency section */
		5644CEDC1B38D33E005E7489 /* PBXTargetDependency */ = {
			isa = PBXTargetDependency;
			target = 5644CEC41B38D33E005E7489 /* SwiftLoginScreen */;
			targetProxy = 5644CEDB1B38D33E005E7489 /* PBXContainerItemProxy */;
		};
/* End PBXTargetDependency section */

/* Begin PBXVariantGroup section */
		5644CECE1B38D33E005E7489 /* Main.storyboard */ = {
			isa = PBXVariantGroup;
			children = (
				5644CECF1B38D33E005E7489 /* Base */,
			);
			name = Main.storyboard;
			sourceTree = "<group>";
		};
		5644CED31B38D33E005E7489 /* LaunchScreen.xib */ = {
			isa = PBXVariantGroup;
			children = (
				5644CED41B38D33E005E7489 /* Base */,
			);
			name = LaunchScreen.xib;
			sourceTree = "<group>";
		};
/* End PBXVariantGroup section */

/* Begin XCBuildConfiguration section */
		5644CEE21B38D33E005E7489 /* Debug */ = {
			isa = XCBuildConfiguration;
			buildSettings = {
				ALWAYS_SEARCH_USER_PATHS = NO;
				CLANG_CXX_LANGUAGE_STANDARD = "gnu++0x";
				CLANG_CXX_LIBRARY = "libc++";
				CLANG_ENABLE_MODULES = YES;
				CLANG_ENABLE_OBJC_ARC = YES;
				CLANG_WARN_BOOL_CONVERSION = YES;
				CLANG_WARN_CONSTANT_CONVERSION = YES;
				CLANG_WARN_DIRECT_OBJC_ISA_USAGE = YES_ERROR;
				CLANG_WARN_EMPTY_BODY = YES;
				CLANG_WARN_ENUM_CONVERSION = YES;
				CLANG_WARN_INT_CONVERSION = YES;
				CLANG_WARN_OBJC_ROOT_CLASS = YES_ERROR;
				CLANG_WARN_UNREACHABLE_CODE = YES;
				CLANG_WARN__DUPLICATE_METHOD_MATCH = YES;
				"CODE_SIGN_IDENTITY[sdk=iphoneos*]" = "iPhone Developer";
				COPY_PHASE_STRIP = NO;
				DEBUG_INFORMATION_FORMAT = "dwarf-with-dsym";
				ENABLE_STRICT_OBJC_MSGSEND = YES;
				GCC_C_LANGUAGE_STANDARD = gnu99;
				GCC_DYNAMIC_NO_PIC = NO;
				GCC_NO_COMMON_BLOCKS = YES;
				GCC_OPTIMIZATION_LEVEL = 0;
				GCC_PREPROCESSOR_DEFINITIONS = (
					"DEBUG=1",
					"$(inherited)",
				);
				GCC_SYMBOLS_PRIVATE_EXTERN = NO;
				GCC_WARN_64_TO_32_BIT_CONVERSION = YES;
				GCC_WARN_ABOUT_RETURN_TYPE = YES_ERROR;
				GCC_WARN_UNDECLARED_SELECTOR = YES;
				GCC_WARN_UNINITIALIZED_AUTOS = YES_AGGRESSIVE;
				GCC_WARN_UNUSED_FUNCTION = YES;
				GCC_WARN_UNUSED_VARIABLE = YES;
				IPHONEOS_DEPLOYMENT_TARGET = 8.3;
				MTL_ENABLE_DEBUG_INFO = YES;
				ONLY_ACTIVE_ARCH = YES;
				SDKROOT = iphoneos;
				SWIFT_OPTIMIZATION_LEVEL = "-Onone";
			};
			name = Debug;
		};
		5644CEE31B38D33E005E7489 /* Release */ = {
			isa = XCBuildConfiguration;
			buildSettings = {
				ALWAYS_SEARCH_USER_PATHS = NO;
				CLANG_CXX_LANGUAGE_STANDARD = "gnu++0x";
				CLANG_CXX_LIBRARY = "libc++";
				CLANG_ENABLE_MODULES = YES;
				CLANG_ENABLE_OBJC_ARC = YES;
				CLANG_WARN_BOOL_CONVERSION = YES;
				CLANG_WARN_CONSTANT_CONVERSION = YES;
				CLANG_WARN_DIRECT_OBJC_ISA_USAGE = YES_ERROR;
				CLANG_WARN_EMPTY_BODY = YES;
				CLANG_WARN_ENUM_CONVERSION = YES;
				CLANG_WARN_INT_CONVERSION = YES;
				CLANG_WARN_OBJC_ROOT_CLASS = YES_ERROR;
				CLANG_WARN_UNREACHABLE_CODE = YES;
				CLANG_WARN__DUPLICATE_METHOD_MATCH = YES;
				"CODE_SIGN_IDENTITY[sdk=iphoneos*]" = "iPhone Developer";
				COPY_PHASE_STRIP = NO;
				DEBUG_INFORMATION_FORMAT = "dwarf-with-dsym";
				ENABLE_NS_ASSERTIONS = NO;
				ENABLE_STRICT_OBJC_MSGSEND = YES;
				GCC_C_LANGUAGE_STANDARD = gnu99;
				GCC_NO_COMMON_BLOCKS = YES;
				GCC_WARN_64_TO_32_BIT_CONVERSION = YES;
				GCC_WARN_ABOUT_RETURN_TYPE = YES_ERROR;
				GCC_WARN_UNDECLARED_SELECTOR = YES;
				GCC_WARN_UNINITIALIZED_AUTOS = YES_AGGRESSIVE;
				GCC_WARN_UNUSED_FUNCTION = YES;
				GCC_WARN_UNUSED_VARIABLE = YES;
				IPHONEOS_DEPLOYMENT_TARGET = 8.3;
				MTL_ENABLE_DEBUG_INFO = NO;
				SDKROOT = iphoneos;
				VALIDATE_PRODUCT = YES;
			};
			name = Release;
		};
		5644CEE51B38D33E005E7489 /* Debug */ = {
			isa = XCBuildConfiguration;
			buildSettings = {
				ASSETCATALOG_COMPILER_APPICON_NAME = AppIcon;
				INFOPLIST_FILE = SwiftLoginScreen/Info.plist;
				LD_RUNPATH_SEARCH_PATHS = "$(inherited) @executable_path/Frameworks";
				PRODUCT_NAME = "$(TARGET_NAME)";
			};
			name = Debug;
		};
		5644CEE61B38D33E005E7489 /* Release */ = {
			isa = XCBuildConfiguration;
			buildSettings = {
				ASSETCATALOG_COMPILER_APPICON_NAME = AppIcon;
				INFOPLIST_FILE = SwiftLoginScreen/Info.plist;
				LD_RUNPATH_SEARCH_PATHS = "$(inherited) @executable_path/Frameworks";
				PRODUCT_NAME = "$(TARGET_NAME)";
			};
			name = Release;
		};
		5644CEE81B38D33E005E7489 /* Debug */ = {
			isa = XCBuildConfiguration;
			buildSettings = {
				BUNDLE_LOADER = "$(TEST_HOST)";
				FRAMEWORK_SEARCH_PATHS = (
					"$(SDKROOT)/Developer/Library/Frameworks",
					"$(inherited)",
				);
				GCC_PREPROCESSOR_DEFINITIONS = (
					"DEBUG=1",
					"$(inherited)",
				);
				INFOPLIST_FILE = SwiftLoginScreenTests/Info.plist;
				LD_RUNPATH_SEARCH_PATHS = "$(inherited) @executable_path/Frameworks @loader_path/Frameworks";
				PRODUCT_NAME = "$(TARGET_NAME)";
				TEST_HOST = "$(BUILT_PRODUCTS_DIR)/SwiftLoginScreen.app/SwiftLoginScreen";
			};
			name = Debug;
		};
		5644CEE91B38D33E005E7489 /* Release */ = {
			isa = XCBuildConfiguration;
			buildSettings = {
				BUNDLE_LOADER = "$(TEST_HOST)";
				FRAMEWORK_SEARCH_PATHS = (
					"$(SDKROOT)/Developer/Library/Frameworks",
					"$(inherited)",
				);
				INFOPLIST_FILE = SwiftLoginScreenTests/Info.plist;
				LD_RUNPATH_SEARCH_PATHS = "$(inherited) @executable_path/Frameworks @loader_path/Frameworks";
				PRODUCT_NAME = "$(TARGET_NAME)";
				TEST_HOST = "$(BUILT_PRODUCTS_DIR)/SwiftLoginScreen.app/SwiftLoginScreen";
			};
			name = Release;
		};
/* End XCBuildConfiguration section */

/* Begin XCConfigurationList section */
		5644CEC01B38D33E005E7489 /* Build configuration list for PBXProject "SwiftLoginScreen" */ = {
			isa = XCConfigurationList;
			buildConfigurations = (
				5644CEE21B38D33E005E7489 /* Debug */,
				5644CEE31B38D33E005E7489 /* Release */,
			);
			defaultConfigurationIsVisible = 0;
			defaultConfigurationName = Release;
		};
		5644CEE41B38D33E005E7489 /* Build configuration list for PBXNativeTarget "SwiftLoginScreen" */ = {
			isa = XCConfigurationList;
			buildConfigurations = (
				5644CEE51B38D33E005E7489 /* Debug */,
				5644CEE61B38D33E005E7489 /* Release */,
			);
			defaultConfigurationIsVisible = 0;
			defaultConfigurationName = Release;
		};
		5644CEE71B38D33E005E7489 /* Build configuration list for PBXNativeTarget "SwiftLoginScreenTests" */ = {
			isa = XCConfigurationList;
			buildConfigurations = (
				5644CEE81B38D33E005E7489 /* Debug */,
				5644CEE91B38D33E005E7489 /* Release */,
			);
			defaultConfigurationIsVisible = 0;
			defaultConfigurationName = Release;
		};
/* End XCConfigurationList section */
	};
	rootObject = 5644CEBD1B38D33E005E7489 /* Project object */;
}
